# THIS IS AN AUTOGENERATED FILE. DO NOT EDIT THIS FILE DIRECTLY.
# yarn lockfile v1


"@babel/runtime@^7.4.5":
  version "7.5.5"
  resolved "https://registry.npm.taobao.org/@babel/runtime/download/@babel/runtime-7.5.5.tgz#74fba56d35efbeca444091c7850ccd494fd2f132"
  integrity sha1-dPulbTXvvspEQJHHhQzNSU/S8TI=
  dependencies:
    regenerator-runtime "^0.13.2"

regenerator-runtime@^0.13.2:
  version "0.13.3"
  resolved "https://registry.npm.taobao.org/regenerator-runtime/download/regenerator-runtime-0.13.3.tgz#7cf6a77d8f5c6f60eb73c5fc1955b2ceb01e6bf5"
  integrity sha1-fPanfY9cb2Drc8X8GVWyzrAea/U=

yaml@^1.6.0:
  version "1.6.0"
  resolved "https://registry.npm.taobao.org/yaml/download/yaml-1.6.0.tgz#d8a985cfb26086dd73f91c637f6e6bc909fddd3c"
  integrity sha1-2KmFz7Jght1z+Rxjf25ryQn93Tw=
  dependencies:
    "@babel/runtime" "^7.4.5"
